
Microsoft Visual Studio Solution File, Format Version 12.00
# Visual Studio Version 17
VisualStudioVersion = 17.0.31903.59
MinimumVisualStudioVersion = 10.0.40219.1
Project("{2150E333-8FDC-42A3-9474-1A3956D46DE8}") = "src", "src", "{A670A865-9078-425A-A317-96A008350B34}"
EndProject
Project("{FAE04EC0-301F-11D3-BF4B-00C04F79EFBC}") = "Core", "src\Core\Core.csproj", "{4A8ACD61-EA78-40DE-87C7-7E9E31A0CB42}"
EndProject
Project("{FAE04EC0-301F-11D3-BF4B-00C04F79EFBC}") = "Infrastructure", "src\Infrastructure\Infrastructure.csproj", "{4D18C24B-0CD2-4332-8ECD-C586D1200176}"
EndProject
Project("{FAE04EC0-301F-11D3-BF4B-00C04F79EFBC}") = "App", "src\App\App.csproj", "{A63C48FA-9BBF-46E1-B3F5-1C9332D37478}"
EndProject
Global
	GlobalSection(SolutionConfigurationPlatforms) = preSolution
		Debug|Any CPU = Debug|Any CPU
		Release|Any CPU = Release|Any CPU
	EndGlobalSection
	GlobalSection(SolutionProperties) = preSolution
		HideSolutionNode = FALSE
	EndGlobalSection
	GlobalSection(ProjectConfigurationPlatforms) = postSolution
		{4A8ACD61-EA78-40DE-87C7-7E9E31A0CB42}.Debug|Any CPU.ActiveCfg = Debug|Any CPU
		{4A8ACD61-EA78-40DE-87C7-7E9E31A0CB42}.Debug|Any CPU.Build.0 = Debug|Any CPU
		{4A8ACD61-EA78-40DE-87C7-7E9E31A0CB42}.Release|Any CPU.ActiveCfg = Release|Any CPU
		{4A8ACD61-EA78-40DE-87C7-7E9E31A0CB42}.Release|Any CPU.Build.0 = Release|Any CPU
		{4D18C24B-0CD2-4332-8ECD-C586D1200176}.Debug|Any CPU.ActiveCfg = Debug|Any CPU
		{4D18C24B-0CD2-4332-8ECD-C586D1200176}.Debug|Any CPU.Build.0 = Debug|Any CPU
		{4D18C24B-0CD2-4332-8ECD-C586D1200176}.Release|Any CPU.ActiveCfg = Release|Any CPU
		{4D18C24B-0CD2-4332-8ECD-C586D1200176}.Release|Any CPU.Build.0 = Release|Any CPU
		{A63C48FA-9BBF-46E1-B3F5-1C9332D37478}.Debug|Any CPU.ActiveCfg = Debug|Any CPU
		{A63C48FA-9BBF-46E1-B3F5-1C9332D37478}.Debug|Any CPU.Build.0 = Debug|Any CPU
		{A63C48FA-9BBF-46E1-B3F5-1C9332D37478}.Release|Any CPU.ActiveCfg = Release|Any CPU
		{A63C48FA-9BBF-46E1-B3F5-1C9332D37478}.Release|Any CPU.Build.0 = Release|Any CPU
	EndGlobalSection
	GlobalSection(NestedProjects) = preSolution
		{4A8ACD61-EA78-40DE-87C7-7E9E31A0CB42} = {A670A865-9078-425A-A317-96A008350B34}
		{4D18C24B-0CD2-4332-8ECD-C586D1200176} = {A670A865-9078-425A-A317-96A008350B34}
		{A63C48FA-9BBF-46E1-B3F5-1C9332D37478} = {A670A865-9078-425A-A317-96A008350B34}
	EndGlobalSection
EndGlobal
